
Microsoft Visual Studio Solution File, Format Version 12.00
# Visual Studio Version 16
VisualStudioVersion = 16.0.30104.148
MinimumVisualStudioVersion = 10.0.40219.1
Project("{FAE04EC0-301F-11D3-BF4B-00C04F79EFBC}") = "xscjglxt", "xscjglxt.csproj", "{1D95360A-C139-4383-AC78-94A37114D8C9}"
EndProject
Global
	GlobalSection(SolutionConfigurationPlatforms) = preSolution
		Debug|Any CPU = Debug|Any CPU
		Release|Any CPU = Release|Any CPU
	EndGlobalSection
	GlobalSection(ProjectConfigurationPlatforms) = postSolution
		{1D95360A-C139-4383-AC78-94A37114D8C9}.Debug|Any CPU.ActiveCfg = Debug|Any CPU
		{1D95360A-C139-4383-AC78-94A37114D8C9}.Debug|Any CPU.Build.0 = Debug|Any CPU
		{1D95360A-C139-4383-AC78-94A37114D8C9}.Release|Any CPU.ActiveCfg = Release|Any CPU
		{1D95360A-C139-4383-AC78-94A37114D8C9}.Release|Any CPU.Build.0 = Release|Any CPU
	EndGlobalSection
	GlobalSection(SolutionProperties) = preSolution
		HideSolutionNode = FALSE
	EndGlobalSection
	GlobalSection(ExtensibilityGlobals) = postSolution
		SolutionGuid = {32092E3D-6758-4ECA-A786-20F24090CF3F}
	EndGlobalSection
EndGlobal
